
Microsoft Visual Studio Solution File, Format Version 12.00
# Visual Studio 15
VisualStudioVersion = 15.0.28307.329
MinimumVisualStudioVersion = 10.0.40219.1
Project("{9A19103F-16F7-4668-BE54-9A1E7A4F7556}") = "WorkforceDistribution", "WorkforceDistribution\WorkforceDistribution.csproj", "{1720DF4B-8EAF-4355-88DD-199D54A99B58}"
EndProject
Global
	GlobalSection(SolutionConfigurationPlatforms) = preSolution
		Debug|Any CPU = Debug|Any CPU
		Release|Any CPU = Release|Any CPU
	EndGlobalSection
	GlobalSection(ProjectConfigurationPlatforms) = postSolution
		{1720DF4B-8EAF-4355-88DD-199D54A99B58}.Debug|Any CPU.ActiveCfg = Debug|Any CPU
		{1720DF4B-8EAF-4355-88DD-199D54A99B58}.Debug|Any CPU.Build.0 = Debug|Any CPU
		{1720DF4B-8EAF-4355-88DD-199D54A99B58}.Release|Any CPU.ActiveCfg = Release|Any CPU
		{1720DF4B-8EAF-4355-88DD-199D54A99B58}.Release|Any CPU.Build.0 = Release|Any CPU
	EndGlobalSection
	GlobalSection(SolutionProperties) = preSolution
		HideSolutionNode = FALSE
	EndGlobalSection
	GlobalSection(ExtensibilityGlobals) = postSolution
		SolutionGuid = {9F7D39BD-E6DD-4945-B0AA-4E44C9A03A30}
	EndGlobalSection
EndGlobal
